<?xml version="1.0" encoding="UTF-8" standalone="yes" ?>
<CodeBlocks_project_file>
	<FileVersion major="1" minor="6" />
	<Project>
		<Option title="opencl_spmv" />
		<Option pch_mode="2" />
		<Option compiler="gcc" />
		<Build>
			<Target title="Debug">
				<Option output="bin/Debug/opencl_spmv" prefix_auto="1" extension_auto="1" />
				<Option object_output="obj/Debug/" />
				<Option type="1" />
				<Option compiler="gcc" />
				<Compiler>
					<Add option="-g" />
				</Compiler>
			</Target>
			<Target title="Release">
				<Option output="bin/Release/opencl_spmv" prefix_auto="1" extension_auto="1" />
				<Option object_output="obj/Release/" />
				<Option type="1" />
				<Option compiler="gcc" />
				<Compiler>
					<Add option="-O2" />
					<Add option="-DNDEBUG" />
				</Compiler>
				<Linker>
					<Add option="-s" />
				</Linker>
			</Target>
		</Build>
		<Compiler>
			<Add option="-Wall" />
			<Add option="-fexceptions" />
			<Add directory="../../custom_utilities" />
			<Add directory="/home/mossaiby/AMD-APP-SDK-v2.5-RC2-lnx64/include" />
			<Add directory="../../../../kratos" />
		</Compiler>
		<Linker>
			<Add option="-lOpenCL -lrt" />
			<Add directory="/home/mossaiby/AMD-APP-SDK-v2.5-RC2-lnx64/lib/x86_64" />
		</Linker>
		<Unit filename="main.cpp" />
		<Unit filename="opencl_spmv.cl" />
		<Unit filename="../../../../kratos/sources/mmio.c">
			<Option compilerVar="CC" />
		</Unit>
		<Extensions>
			<code_completion />
			<debugger />
		</Extensions>
	</Project>
</CodeBlocks_project_file>
