Microsoft Visual Studio Solution File, Format Version 12.00
# Visual Studio Version 16
VisualStudioVersion = 16.0.29215.179
MinimumVisualStudioVersion = 10.0.40219.1
Project("{FAE04EC0-301F-11D3-BF4B-00C04F79EFBC}") = "DotZLib", "DotZLib\DotZLib.csproj", "{BB1EE0B1-1808-46CB-B786-949D91117FC5}"
EndProject
Global
	GlobalSection(SolutionConfigurationPlatforms) = preSolution
		Debug|Default = Debug|Default
		Release|Default = Release|Default
	EndGlobalSection
	GlobalSection(ProjectConfigurationPlatforms) = postSolution
		{BB1EE0B1-1808-46CB-B786-949D91117FC5}.Debug|Default.ActiveCfg = Debug|Any CPU
		{BB1EE0B1-1808-46CB-B786-949D91117FC5}.Debug|Default.Build.0 = Debug|Any CPU
		{BB1EE0B1-1808-46CB-B786-949D91117FC5}.Release|Default.ActiveCfg = Release|Any CPU
		{BB1EE0B1-1808-46CB-B786-949D91117FC5}.Release|Default.Build.0 = Release|Any CPU
	EndGlobalSection
	GlobalSection(SolutionProperties) = preSolution
		HideSolutionNode = FALSE
	EndGlobalSection
	GlobalSection(ExtensibilityGlobals) = postSolution
		SolutionGuid = {623C664D-E909-426B-A5AB-96164CFC64C6}
	EndGlobalSection
EndGlobal
